// !$*UTF8*$!
{
	archiveVersion = 1;
	classes = {
	};
	objectVersion = 46;
	objects = {

/* Begin PBXBuildFile section */
		44BC6B1913BE3BF10034A163 /* UIKit.framework in Frameworks */ = {isa = PBXBuildFile; fileRef = 44BC6B1813BE3BF10034A163 /* UIKit.framework */; };
		44BC6B1B13BE3BF10034A163 /* Foundation.framework in Frameworks */ = {isa = PBXBuildFile; fileRef = 44BC6B1A13BE3BF10034A163 /* Foundation.framework */; };
		44BC6B1D13BE3BF10034A163 /* CoreGraphics.framework in Frameworks */ = {isa = PBXBuildFile; fileRef = 44BC6B1C13BE3BF10034A163 /* CoreGraphics.framework */; };
		44BC6B2313BE3BF10034A163 /* InfoPlist.strings in Resources */ = {isa = PBXBuildFile; fileRef = 44BC6B2113BE3BF10034A163 /* InfoPlist.strings */; };
		44BC6B2613BE3BF10034A163 /* main.m in Sources */ = {isa = PBXBuildFile; fileRef = 44BC6B2513BE3BF10034A163 /* main.m */; };
		44BC6B2913BE3BF10034A163 /* TeamCityTestAppDelegate.m in Sources */ = {isa = PBXBuildFile; fileRef = 44BC6B2813BE3BF10034A163 /* TeamCityTestAppDelegate.m */; };
		44BC6B2C13BE3BF10034A163 /* MainWindow.xib in Resources */ = {isa = PBXBuildFile; fileRef = 44BC6B2A13BE3BF10034A163 /* MainWindow.xib */; };
		44BC6B2F13BE3BF10034A163 /* TeamCityTestViewController.m in Sources */ = {isa = PBXBuildFile; fileRef = 44BC6B2E13BE3BF10034A163 /* TeamCityTestViewController.m */; };
		44BC6B3213BE3BF10034A163 /* TeamCityTestViewController.xib in Resources */ = {isa = PBXBuildFile; fileRef = 44BC6B3013BE3BF10034A163 /* TeamCityTestViewController.xib */; };
/* End PBXBuildFile section */

/* Begin PBXFileReference section */
		44BC6B1413BE3BF10034A163 /* TeamCityTest.app */ = {isa = PBXFileReference; explicitFileType = wrapper.application; includeInIndex = 0; path = TeamCityTest.app; sourceTree = BUILT_PRODUCTS_DIR; };
		44BC6B1813BE3BF10034A163 /* UIKit.framework */ = {isa = PBXFileReference; lastKnownFileType = wrapper.framework; name = UIKit.framework; path = System/Library/Frameworks/UIKit.framework; sourceTree = SDKROOT; };
		44BC6B1A13BE3BF10034A163 /* Foundation.framework */ = {isa = PBXFileReference; lastKnownFileType = wrapper.framework; name = Foundation.framework; path = System/Library/Frameworks/Foundation.framework; sourceTree = SDKROOT; };
		44BC6B1C13BE3BF10034A163 /* CoreGraphics.framework */ = {isa = PBXFileReference; lastKnownFileType = wrapper.framework; name = CoreGraphics.framework; path = System/Library/Frameworks/CoreGraphics.framework; sourceTree = SDKROOT; };
		44BC6B2013BE3BF10034A163 /* TeamCityTest-Info.plist */ = {isa = PBXFileReference; lastKnownFileType = text.plist.xml; path = "TeamCityTest-Info.plist"; sourceTree = "<group>"; };
		44BC6B2213BE3BF10034A163 /* en */ = {isa = PBXFileReference; lastKnownFileType = text.plist.strings; name = en; path = en.lproj/InfoPlist.strings; sourceTree = "<group>"; };
		44BC6B2413BE3BF10034A163 /* TeamCityTest-Prefix.pch */ = {isa = PBXFileReference; lastKnownFileType = sourcecode.c.h; path = "TeamCityTest-Prefix.pch"; sourceTree = "<group>"; };
		44BC6B2513BE3BF10034A163 /* main.m */ = {isa = PBXFileReference; lastKnownFileType = sourcecode.c.objc; path = main.m; sourceTree = "<group>"; };
		44BC6B2713BE3BF10034A163 /* TeamCityTestAppDelegate.h */ = {isa = PBXFileReference; lastKnownFileType = sourcecode.c.h; path = TeamCityTestAppDelegate.h; sourceTree = "<group>"; };
		44BC6B2813BE3BF10034A163 /* TeamCityTestAppDelegate.m */ = {isa = PBXFileReference; lastKnownFileType = sourcecode.c.objc; path = TeamCityTestAppDelegate.m; sourceTree = "<group>"; };
		44BC6B2B13BE3BF10034A163 /* en */ = {isa = PBXFileReference; lastKnownFileType = file.xib; name = en; path = en.lproj/MainWindow.xib; sourceTree = "<group>"; };
		44BC6B2D13BE3BF10034A163 /* TeamCityTestViewController.h */ = {isa = PBXFileReference; lastKnownFileType = sourcecode.c.h; path = TeamCityTestViewController.h; sourceTree = "<group>"; };
		44BC6B2E13BE3BF10034A163 /* TeamCityTestViewController.m */ = {isa = PBXFileReference; lastKnownFileType = sourcecode.c.objc; path = TeamCityTestViewController.m; sourceTree = "<group>"; };
		44BC6B3113BE3BF10034A163 /* en */ = {isa = PBXFileReference; lastKnownFileType = file.xib; name = en; path = en.lproj/TeamCityTestViewController.xib; sourceTree = "<group>"; };
/* End PBXFileReference section */

/* Begin PBXFrameworksBuildPhase section */
		44BC6B1113BE3BF10034A163 /* Frameworks */ = {
			isa = PBXFrameworksBuildPhase;
			buildActionMask = 2147483647;
			files = (
				44BC6B1913BE3BF10034A163 /* UIKit.framework in Frameworks */,
				44BC6B1B13BE3BF10034A163 /* Foundation.framework in Frameworks */,
				44BC6B1D13BE3BF10034A163 /* CoreGraphics.framework in Frameworks */,
			);
			runOnlyForDeploymentPostprocessing = 0;
		};
/* End PBXFrameworksBuildPhase section */

/* Begin PBXGroup section */
		44BC6B0913BE3BF10034A163 = {
			isa = PBXGroup;
			children = (
				44BC6B1E13BE3BF10034A163 /* TeamCityTest */,
				44BC6B1713BE3BF10034A163 /* Frameworks */,
				44BC6B1513BE3BF10034A163 /* Products */,
			);
			sourceTree = "<group>";
		};
		44BC6B1513BE3BF10034A163 /* Products */ = {
			isa = PBXGroup;
			children = (
				44BC6B1413BE3BF10034A163 /* TeamCityTest.app */,
			);
			name = Products;
			sourceTree = "<group>";
		};
		44BC6B1713BE3BF10034A163 /* Frameworks */ = {
			isa = PBXGroup;
			children = (
				44BC6B1813BE3BF10034A163 /* UIKit.framework */,
				44BC6B1A13BE3BF10034A163 /* Foundation.framework */,
				44BC6B1C13BE3BF10034A163 /* CoreGraphics.framework */,
			);
			name = Frameworks;
			sourceTree = "<group>";
		};
		44BC6B1E13BE3BF10034A163 /* TeamCityTest */ = {
			isa = PBXGroup;
			children = (
				44BC6B2713BE3BF10034A163 /* TeamCityTestAppDelegate.h */,
				44BC6B2813BE3BF10034A163 /* TeamCityTestAppDelegate.m */,
				44BC6B2A13BE3BF10034A163 /* MainWindow.xib */,
				44BC6B2D13BE3BF10034A163 /* TeamCityTestViewController.h */,
				44BC6B2E13BE3BF10034A163 /* TeamCityTestViewController.m */,
				44BC6B3013BE3BF10034A163 /* TeamCityTestViewController.xib */,
				44BC6B1F13BE3BF10034A163 /* Supporting Files */,
			);
			path = TeamCityTest;
			sourceTree = "<group>";
		};
		44BC6B1F13BE3BF10034A163 /* Supporting Files */ = {
			isa = PBXGroup;
			children = (
				44BC6B2013BE3BF10034A163 /* TeamCityTest-Info.plist */,
				44BC6B2113BE3BF10034A163 /* InfoPlist.strings */,
				44BC6B2413BE3BF10034A163 /* TeamCityTest-Prefix.pch */,
				44BC6B2513BE3BF10034A163 /* main.m */,
			);
			name = "Supporting Files";
			sourceTree = "<group>";
		};
/* End PBXGroup section */

/* Begin PBXNativeTarget section */
		44BC6B1313BE3BF10034A163 /* TeamCityTest */ = {
			isa = PBXNativeTarget;
			buildConfigurationList = 44BC6B3513BE3BF10034A163 /* Build configuration list for PBXNativeTarget "TeamCityTest" */;
			buildPhases = (
				44BC6B1013BE3BF10034A163 /* Sources */,
				44BC6B1113BE3BF10034A163 /* Frameworks */,
				44BC6B1213BE3BF10034A163 /* Resources */,
			);
			buildRules = (
			);
			dependencies = (
			);
			name = TeamCityTest;
			productName = TeamCityTest;
			productReference = 44BC6B1413BE3BF10034A163 /* TeamCityTest.app */;
			productType = "com.apple.product-type.application";
		};
/* End PBXNativeTarget section */

/* Begin PBXProject section */
		44BC6B0B13BE3BF10034A163 /* Project object */ = {
			isa = PBXProject;
			attributes = {
				ORGANIZATIONNAME = "Redkab Creative";
			};
			buildConfigurationList = 44BC6B0E13BE3BF10034A163 /* Build configuration list for PBXProject "TeamCityTest" */;
			compatibilityVersion = "Xcode 3.2";
			developmentRegion = English;
			hasScannedForEncodings = 0;
			knownRegions = (
				en,
			);
			mainGroup = 44BC6B0913BE3BF10034A163;
			productRefGroup = 44BC6B1513BE3BF10034A163 /* Products */;
			projectDirPath = "";
			projectRoot = "";
			targets = (
				44BC6B1313BE3BF10034A163 /* TeamCityTest */,
			);
		};
/* End PBXProject section */

/* Begin PBXResourcesBuildPhase section */
		44BC6B1213BE3BF10034A163 /* Resources */ = {
			isa = PBXResourcesBuildPhase;
			buildActionMask = 2147483647;
			files = (
				44BC6B2313BE3BF10034A163 /* InfoPlist.strings in Resources */,
				44BC6B2C13BE3BF10034A163 /* MainWindow.xib in Resources */,
				44BC6B3213BE3BF10034A163 /* TeamCityTestViewController.xib in Resources */,
			);
			runOnlyForDeploymentPostprocessing = 0;
		};
/* End PBXResourcesBuildPhase section */

/* Begin PBXSourcesBuildPhase section */
		44BC6B1013BE3BF10034A163 /* Sources */ = {
			isa = PBXSourcesBuildPhase;
			buildActionMask = 2147483647;
			files = (
				44BC6B2613BE3BF10034A163 /* main.m in Sources */,
				44BC6B2913BE3BF10034A163 /* TeamCityTestAppDelegate.m in Sources */,
				44BC6B2F13BE3BF10034A163 /* TeamCityTestViewController.m in Sources */,
			);
			runOnlyForDeploymentPostprocessing = 0;
		};
/* End PBXSourcesBuildPhase section */

/* Begin PBXVariantGroup section */
		44BC6B2113BE3BF10034A163 /* InfoPlist.strings */ = {
			isa = PBXVariantGroup;
			children = (
				44BC6B2213BE3BF10034A163 /* en */,
			);
			name = InfoPlist.strings;
			sourceTree = "<group>";
		};
		44BC6B2A13BE3BF10034A163 /* MainWindow.xib */ = {
			isa = PBXVariantGroup;
			children = (
				44BC6B2B13BE3BF10034A163 /* en */,
			);
			name = MainWindow.xib;
			sourceTree = "<group>";
		};
		44BC6B3013BE3BF10034A163 /* TeamCityTestViewController.xib */ = {
			isa = PBXVariantGroup;
			children = (
				44BC6B3113BE3BF10034A163 /* en */,
			);
			name = TeamCityTestViewController.xib;
			sourceTree = "<group>";
		};
/* End PBXVariantGroup section */

/* Begin XCBuildConfiguration section */
		44AD807A13C387E2006E99FC /* Ad Hoc */ = {
			isa = XCBuildConfiguration;
			buildSettings = {
				ARCHS = "$(ARCHS_STANDARD_32_BIT)";
				"CODE_SIGN_IDENTITY[sdk=iphoneos*]" = "iPhone Distribution: Kyle Balogh";
				GCC_C_LANGUAGE_STANDARD = gnu99;
				GCC_VERSION = com.apple.compilers.llvmgcc42;
				GCC_WARN_ABOUT_RETURN_TYPE = YES;
				GCC_WARN_UNUSED_VARIABLE = YES;
				IPHONEOS_DEPLOYMENT_TARGET = 4.3;
				OTHER_CFLAGS = "-DNS_BLOCK_ASSERTIONS=1";
				"PROVISIONING_PROFILE[sdk=iphoneos*]" = "8B31F1B0-8D57-4AFF-A916-1BBCF6AAA029";
				SDKROOT = iphoneos;
			};
			name = "Ad Hoc";
		};
		44AD807B13C387E2006E99FC /* Ad Hoc */ = {
			isa = XCBuildConfiguration;
			buildSettings = {
				ALWAYS_SEARCH_USER_PATHS = NO;
				COPY_PHASE_STRIP = YES;
				GCC_PRECOMPILE_PREFIX_HEADER = YES;
				GCC_PREFIX_HEADER = "TeamCityTest/TeamCityTest-Prefix.pch";
				INFOPLIST_FILE = "TeamCityTest/TeamCityTest-Info.plist";
				PRODUCT_NAME = "$(TARGET_NAME)";
				VALIDATE_PRODUCT = YES;
				WRAPPER_EXTENSION = app;
			};
			name = "Ad Hoc";
		};
		44BC6B3313BE3BF10034A163 /* Debug */ = {
			isa = XCBuildConfiguration;
			buildSettings = {
				ARCHS = "$(ARCHS_STANDARD_32_BIT)";
				"CODE_SIGN_IDENTITY[sdk=iphoneos*]" = "iPhone Developer";
				GCC_C_LANGUAGE_STANDARD = gnu99;
				GCC_OPTIMIZATION_LEVEL = 0;
				GCC_PREPROCESSOR_DEFINITIONS = DEBUG;
				GCC_SYMBOLS_PRIVATE_EXTERN = NO;
				GCC_VERSION = com.apple.compilers.llvmgcc42;
				GCC_WARN_ABOUT_RETURN_TYPE = YES;
				GCC_WARN_UNUSED_VARIABLE = YES;
				IPHONEOS_DEPLOYMENT_TARGET = 4.3;
				SDKROOT = iphoneos;
			};
			name = Debug;
		};
		44BC6B3413BE3BF10034A163 /* Release */ = {
			isa = XCBuildConfiguration;
			buildSettings = {
				ARCHS = "$(ARCHS_STANDARD_32_BIT)";
				"CODE_SIGN_IDENTITY[sdk=iphoneos*]" = "iPhone Developer";
				GCC_C_LANGUAGE_STANDARD = gnu99;
				GCC_VERSION = com.apple.compilers.llvmgcc42;
				GCC_WARN_ABOUT_RETURN_TYPE = YES;
				GCC_WARN_UNUSED_VARIABLE = YES;
				IPHONEOS_DEPLOYMENT_TARGET = 4.3;
				OTHER_CFLAGS = "-DNS_BLOCK_ASSERTIONS=1";
				SDKROOT = iphoneos;
			};
			name = Release;
		};
		44BC6B3613BE3BF10034A163 /* Debug */ = {
			isa = XCBuildConfiguration;
			buildSettings = {
				ALWAYS_SEARCH_USER_PATHS = NO;
				COPY_PHASE_STRIP = NO;
				GCC_DYNAMIC_NO_PIC = NO;
				GCC_PRECOMPILE_PREFIX_HEADER = YES;
				GCC_PREFIX_HEADER = "TeamCityTest/TeamCityTest-Prefix.pch";
				INFOPLIST_FILE = "TeamCityTest/TeamCityTest-Info.plist";
				PRODUCT_NAME = "$(TARGET_NAME)";
				WRAPPER_EXTENSION = app;
			};
			name = Debug;
		};
		44BC6B3713BE3BF10034A163 /* Release */ = {
			isa = XCBuildConfiguration;
			buildSettings = {
				ALWAYS_SEARCH_USER_PATHS = NO;
				COPY_PHASE_STRIP = YES;
				GCC_PRECOMPILE_PREFIX_HEADER = YES;
				GCC_PREFIX_HEADER = "TeamCityTest/TeamCityTest-Prefix.pch";
				INFOPLIST_FILE = "TeamCityTest/TeamCityTest-Info.plist";
				PRODUCT_NAME = "$(TARGET_NAME)";
				VALIDATE_PRODUCT = YES;
				WRAPPER_EXTENSION = app;
			};
			name = Release;
		};
/* End XCBuildConfiguration section */

/* Begin XCConfigurationList section */
		44BC6B0E13BE3BF10034A163 /* Build configuration list for PBXProject "TeamCityTest" */ = {
			isa = XCConfigurationList;
			buildConfigurations = (
				44BC6B3313BE3BF10034A163 /* Debug */,
				44BC6B3413BE3BF10034A163 /* Release */,
				44AD807A13C387E2006E99FC /* Ad Hoc */,
			);
			defaultConfigurationIsVisible = 0;
			defaultConfigurationName = Release;
		};
		44BC6B3513BE3BF10034A163 /* Build configuration list for PBXNativeTarget "TeamCityTest" */ = {
			isa = XCConfigurationList;
			buildConfigurations = (
				44BC6B3613BE3BF10034A163 /* Debug */,
				44BC6B3713BE3BF10034A163 /* Release */,
				44AD807B13C387E2006E99FC /* Ad Hoc */,
			);
			defaultConfigurationIsVisible = 0;
			defaultConfigurationName = Release;
		};
/* End XCConfigurationList section */
	};
	rootObject = 44BC6B0B13BE3BF10034A163 /* Project object */;
}
